
Microsoft Visual Studio Solution File, Format Version 12.00
# Visual Studio Version 17
VisualStudioVersion = 17.1.32328.378
MinimumVisualStudioVersion = 10.0.40219.1
Project("{FAE04EC0-301F-11D3-BF4B-00C04F79EFBC}") = "UI.Cliente", "UI.Cliente\UI.Cliente.csproj", "{0279AD56-4FC1-4B31-BB9C-8B41EF5AB0A1}"
EndProject
Global
	GlobalSection(SolutionConfigurationPlatforms) = preSolution
		Debug|Any CPU = Debug|Any CPU
		Release|Any CPU = Release|Any CPU
	EndGlobalSection
	GlobalSection(ProjectConfigurationPlatforms) = postSolution
		{0279AD56-4FC1-4B31-BB9C-8B41EF5AB0A1}.Debug|Any CPU.ActiveCfg = Debug|Any CPU
		{0279AD56-4FC1-4B31-BB9C-8B41EF5AB0A1}.Debug|Any CPU.Build.0 = Debug|Any CPU
		{0279AD56-4FC1-4B31-BB9C-8B41EF5AB0A1}.Release|Any CPU.ActiveCfg = Release|Any CPU
		{0279AD56-4FC1-4B31-BB9C-8B41EF5AB0A1}.Release|Any CPU.Build.0 = Release|Any CPU
	EndGlobalSection
	GlobalSection(SolutionProperties) = preSolution
		HideSolutionNode = FALSE
	EndGlobalSection
	GlobalSection(ExtensibilityGlobals) = postSolution
		SolutionGuid = {33C4FEE1-7CED-4776-95E8-626BA593E4F8}
	EndGlobalSection
EndGlobal
