
Microsoft Visual Studio Solution File, Format Version 12.00
# Visual Studio Version 16
VisualStudioVersion = 16.0.32228.343
MinimumVisualStudioVersion = 10.0.40219.1
Project("{FAE04EC0-301F-11D3-BF4B-00C04F79EFBC}") = "CuilValidator", "CuilValidator\CuilValidator.csproj", "{06A6181D-CD42-42FA-82A8-5F33B40A3CF7}"
EndProject
Global
	GlobalSection(SolutionConfigurationPlatforms) = preSolution
		Debug|Any CPU = Debug|Any CPU
		Release|Any CPU = Release|Any CPU
	EndGlobalSection
	GlobalSection(ProjectConfigurationPlatforms) = postSolution
		{06A6181D-CD42-42FA-82A8-5F33B40A3CF7}.Debug|Any CPU.ActiveCfg = Debug|Any CPU
		{06A6181D-CD42-42FA-82A8-5F33B40A3CF7}.Debug|Any CPU.Build.0 = Debug|Any CPU
		{06A6181D-CD42-42FA-82A8-5F33B40A3CF7}.Release|Any CPU.ActiveCfg = Release|Any CPU
		{06A6181D-CD42-42FA-82A8-5F33B40A3CF7}.Release|Any CPU.Build.0 = Release|Any CPU
	EndGlobalSection
	GlobalSection(SolutionProperties) = preSolution
		HideSolutionNode = FALSE
	EndGlobalSection
	GlobalSection(ExtensibilityGlobals) = postSolution
		SolutionGuid = {BD97E841-1C1E-4A53-A7D1-8ECC0EF2AE93}
	EndGlobalSection
EndGlobal
